
Microsoft Visual Studio Solution File, Format Version 12.00
# Visual Studio Version 16
VisualStudioVersion = 16.0.30804.86
MinimumVisualStudioVersion = 10.0.40219.1
Project("{FAE04EC0-301F-11D3-BF4B-00C04F79EFBC}") = "ProductAPI", "WebApplication1\ProductAPI.csproj", "{CDA3BBBF-34D0-4239-B220-A794643CA76A}"
EndProject
Project("{FAE04EC0-301F-11D3-BF4B-00C04F79EFBC}") = "ProductsRepo", "ProductsRepo\ProductsRepo.csproj", "{BAB4A52F-464F-42B5-A02A-FEA3742DD065}"
EndProject
Project("{FAE04EC0-301F-11D3-BF4B-00C04F79EFBC}") = "BusinessModel", "BusinessModel\BusinessModel.csproj", "{78A4DA15-C9DA-4776-A5B4-C8A2E238DE12}"
EndProject
Global
	GlobalSection(SolutionConfigurationPlatforms) = preSolution
		Debug|Any CPU = Debug|Any CPU
		Release|Any CPU = Release|Any CPU
	EndGlobalSection
	GlobalSection(ProjectConfigurationPlatforms) = postSolution
		{CDA3BBBF-34D0-4239-B220-A794643CA76A}.Debug|Any CPU.ActiveCfg = Debug|Any CPU
		{CDA3BBBF-34D0-4239-B220-A794643CA76A}.Debug|Any CPU.Build.0 = Debug|Any CPU
		{CDA3BBBF-34D0-4239-B220-A794643CA76A}.Release|Any CPU.ActiveCfg = Release|Any CPU
		{CDA3BBBF-34D0-4239-B220-A794643CA76A}.Release|Any CPU.Build.0 = Release|Any CPU
		{BAB4A52F-464F-42B5-A02A-FEA3742DD065}.Debug|Any CPU.ActiveCfg = Debug|Any CPU
		{BAB4A52F-464F-42B5-A02A-FEA3742DD065}.Debug|Any CPU.Build.0 = Debug|Any CPU
		{BAB4A52F-464F-42B5-A02A-FEA3742DD065}.Release|Any CPU.ActiveCfg = Release|Any CPU
		{BAB4A52F-464F-42B5-A02A-FEA3742DD065}.Release|Any CPU.Build.0 = Release|Any CPU
		{78A4DA15-C9DA-4776-A5B4-C8A2E238DE12}.Debug|Any CPU.ActiveCfg = Debug|Any CPU
		{78A4DA15-C9DA-4776-A5B4-C8A2E238DE12}.Debug|Any CPU.Build.0 = Debug|Any CPU
		{78A4DA15-C9DA-4776-A5B4-C8A2E238DE12}.Release|Any CPU.ActiveCfg = Release|Any CPU
		{78A4DA15-C9DA-4776-A5B4-C8A2E238DE12}.Release|Any CPU.Build.0 = Release|Any CPU
	EndGlobalSection
	GlobalSection(SolutionProperties) = preSolution
		HideSolutionNode = FALSE
	EndGlobalSection
	GlobalSection(ExtensibilityGlobals) = postSolution
		SolutionGuid = {FA708740-253D-4D2C-8A98-EC3A79F60641}
	EndGlobalSection
EndGlobal
